
Microsoft Visual Studio Solution File, Format Version 12.00
# Visual Studio Version 17
VisualStudioVersion = 17.11.34909.67
MinimumVisualStudioVersion = 10.0.40219.1
Project("{FAE04EC0-301F-11D3-BF4B-00C04F79EFBC}") = "Online_Knowledge__Test_Backend", "Online_Knowledge__Test_Backend.csproj", "{DC5F2FFE-D115-41AA-ACCA-CA548843F3BA}"
EndProject
Global
	GlobalSection(SolutionConfigurationPlatforms) = preSolution
		Debug|Any CPU = Debug|Any CPU
		Release|Any CPU = Release|Any CPU
	EndGlobalSection
	GlobalSection(ProjectConfigurationPlatforms) = postSolution
		{DC5F2FFE-D115-41AA-ACCA-CA548843F3BA}.Debug|Any CPU.ActiveCfg = Debug|Any CPU
		{DC5F2FFE-D115-41AA-ACCA-CA548843F3BA}.Debug|Any CPU.Build.0 = Debug|Any CPU
		{DC5F2FFE-D115-41AA-ACCA-CA548843F3BA}.Release|Any CPU.ActiveCfg = Release|Any CPU
		{DC5F2FFE-D115-41AA-ACCA-CA548843F3BA}.Release|Any CPU.Build.0 = Release|Any CPU
	EndGlobalSection
	GlobalSection(SolutionProperties) = preSolution
		HideSolutionNode = FALSE
	EndGlobalSection
	GlobalSection(ExtensibilityGlobals) = postSolution
		SolutionGuid = {4C8347F0-A93A-4219-9D5E-DCFA5004D6DC}
	EndGlobalSection
EndGlobal
