
Microsoft Visual Studio Solution File, Format Version 12.00
# Visual Studio Version 17
VisualStudioVersion = 17.11.35222.181
MinimumVisualStudioVersion = 10.0.40219.1
Project("{FAE04EC0-301F-11D3-BF4B-00C04F79EFBC}") = "frontendapi", "frontendapi\frontendapi.csproj", "{C5085BEB-E2FB-4DAA-A19A-E95483EED3DF}"
EndProject
Global
	GlobalSection(SolutionConfigurationPlatforms) = preSolution
		Debug|Any CPU = Debug|Any CPU
		Release|Any CPU = Release|Any CPU
	EndGlobalSection
	GlobalSection(ProjectConfigurationPlatforms) = postSolution
		{C5085BEB-E2FB-4DAA-A19A-E95483EED3DF}.Debug|Any CPU.ActiveCfg = Debug|Any CPU
		{C5085BEB-E2FB-4DAA-A19A-E95483EED3DF}.Debug|Any CPU.Build.0 = Debug|Any CPU
		{C5085BEB-E2FB-4DAA-A19A-E95483EED3DF}.Release|Any CPU.ActiveCfg = Release|Any CPU
		{C5085BEB-E2FB-4DAA-A19A-E95483EED3DF}.Release|Any CPU.Build.0 = Release|Any CPU
	EndGlobalSection
	GlobalSection(SolutionProperties) = preSolution
		HideSolutionNode = FALSE
	EndGlobalSection
	GlobalSection(ExtensibilityGlobals) = postSolution
		SolutionGuid = {330FFD09-91E0-4A79-A7BB-72FCBC80FAE9}
	EndGlobalSection
EndGlobal
